# Versiones resueltas y verificadas en Windows x64 con Python 3.13, 2026-09-22.
# Usado como constraints por bootstrap_windows.ps1 solo con Python 3.13.
# No reutilizar como lock multiplataforma.
attrs==26.1.0
bottle==0.13.4
cdsapi==0.7.7
certifi==2026.7.22
cffi==2.1.1
cftime==1.6.5
charset-normalizer==3.5.1
clr_loader==0.3.1
colorama==0.4.6
contourpy==1.4.0
cycler==0.12.1
ecmwf-datastores-client==0.5.3
fonttools==4.65.0
idna==3.20
ImageIO==2.37.4
kiwisolver==1.5.1
lazy-loader==0.6
matplotlib==3.11.2
multiurl==0.3.9
netCDF4==1.7.4
networkx==3.7
numpy==2.5.3
packaging==26.3
pandas==2.3.3
pillow==12.3.0
proxy_tools==0.1.0
pycparser==3.0
pyparsing==3.3.3
pyproj==3.8.0
python-dateutil==2.9.0.post0
pythonnet==3.1.0
pytz==2026.3.post1
pywebview==6.2.1
requests==2.34.2
scikit-image==0.26.0
scipy==1.18.1
six==1.17.0
tifffile==2026.9.20
tqdm==4.70.1
typing_extensions==4.16.0
tzdata==2026.4
urllib3==2.8.0
xarray==2026.7.0
